// !$*UTF8*$!
{
	archiveVersion = 1;
	classes = {
	};
	objectVersion = 46;
	objects = {

/* Begin PBXBuildFile section */
		83F54A371BBC0BA8009B57AB /* PassbookCollectionViewLayout.h in Headers */ = {isa = PBXBuildFile; fileRef = 83F54A361BBC0BA8009B57AB /* PassbookCollectionViewLayout.h */; settings = {ATTRIBUTES = (Public, ); }; };
		83F54A3E1BBC0BA8009B57AB /* PassbookCollectionViewLayout.framework in Frameworks */ = {isa = PBXBuildFile; fileRef = 83F54A331BBC0BA8009B57AB /* PassbookCollectionViewLayout.framework */; settings = {ASSET_TAGS = (); }; };
		83F54A431BBC0BA8009B57AB /* PassbookCollectionViewLayoutTests.swift in Sources */ = {isa = PBXBuildFile; fileRef = 83F54A421BBC0BA8009B57AB /* PassbookCollectionViewLayoutTests.swift */; };
		83F54A501BBC0D33009B57AB /* PassbookCollectionViewLayout.swift in Sources */ = {isa = PBXBuildFile; fileRef = 83F54A4F1BBC0D33009B57AB /* PassbookCollectionViewLayout.swift */; settings = {ASSET_TAGS = (); }; };
		83F54A581BBC0DD8009B57AB /* AppDelegate.swift in Sources */ = {isa = PBXBuildFile; fileRef = 83F54A571BBC0DD8009B57AB /* AppDelegate.swift */; };
		83F54A5A1BBC0DD8009B57AB /* ViewController.swift in Sources */ = {isa = PBXBuildFile; fileRef = 83F54A591BBC0DD8009B57AB /* ViewController.swift */; };
		83F54A5D1BBC0DD8009B57AB /* Main.storyboard in Resources */ = {isa = PBXBuildFile; fileRef = 83F54A5B1BBC0DD8009B57AB /* Main.storyboard */; };
		83F54A5F1BBC0DD8009B57AB /* Assets.xcassets in Resources */ = {isa = PBXBuildFile; fileRef = 83F54A5E1BBC0DD8009B57AB /* Assets.xcassets */; };
		83F54A621BBC0DD8009B57AB /* LaunchScreen.storyboard in Resources */ = {isa = PBXBuildFile; fileRef = 83F54A601BBC0DD8009B57AB /* LaunchScreen.storyboard */; };
		83F54A831BBC0DEB009B57AB /* PassbookCollectionViewLayout.framework in Frameworks */ = {isa = PBXBuildFile; fileRef = 83F54A331BBC0BA8009B57AB /* PassbookCollectionViewLayout.framework */; };
		83F54A841BBC0DEB009B57AB /* PassbookCollectionViewLayout.framework in Embed Frameworks */ = {isa = PBXBuildFile; fileRef = 83F54A331BBC0BA8009B57AB /* PassbookCollectionViewLayout.framework */; settings = {ATTRIBUTES = (CodeSignOnCopy, RemoveHeadersOnCopy, ); }; };
		83F54A891BBC0EAD009B57AB /* Cell.swift in Sources */ = {isa = PBXBuildFile; fileRef = 83F54A881BBC0EAD009B57AB /* Cell.swift */; settings = {ASSET_TAGS = (); }; };
/* End PBXBuildFile section */

/* Begin PBXContainerItemProxy section */
		83F54A3F1BBC0BA8009B57AB /* PBXContainerItemProxy */ = {
			isa = PBXContainerItemProxy;
			containerPortal = 83F54A2A1BBC0BA8009B57AB /* Project object */;
			proxyType = 1;
			remoteGlobalIDString = 83F54A321BBC0BA8009B57AB;
			remoteInfo = PassbookCollectionViewLayout;
		};
		83F54A851BBC0DEB009B57AB /* PBXContainerItemProxy */ = {
			isa = PBXContainerItemProxy;
			containerPortal = 83F54A2A1BBC0BA8009B57AB /* Project object */;
			proxyType = 1;
			remoteGlobalIDString = 83F54A321BBC0BA8009B57AB;
			remoteInfo = PassbookCollectionViewLayout;
		};
/* End PBXContainerItemProxy section */

/* Begin PBXCopyFilesBuildPhase section */
		83F54A871BBC0DEB009B57AB /* Embed Frameworks */ = {
			isa = PBXCopyFilesBuildPhase;
			buildActionMask = 2147483647;
			dstPath = "";
			dstSubfolderSpec = 10;
			files = (
				83F54A841BBC0DEB009B57AB /* PassbookCollectionViewLayout.framework in Embed Frameworks */,
			);
			name = "Embed Frameworks";
			runOnlyForDeploymentPostprocessing = 0;
		};
/* End PBXCopyFilesBuildPhase section */

/* Begin PBXFileReference section */
		83F54A331BBC0BA8009B57AB /* PassbookCollectionViewLayout.framework */ = {isa = PBXFileReference; explicitFileType = wrapper.framework; includeInIndex = 0; path = PassbookCollectionViewLayout.framework; sourceTree = BUILT_PRODUCTS_DIR; };
		83F54A361BBC0BA8009B57AB /* PassbookCollectionViewLayout.h */ = {isa = PBXFileReference; lastKnownFileType = sourcecode.c.h; path = PassbookCollectionViewLayout.h; sourceTree = "<group>"; };
		83F54A381BBC0BA8009B57AB /* Info.plist */ = {isa = PBXFileReference; lastKnownFileType = text.plist.xml; path = Info.plist; sourceTree = "<group>"; };
		83F54A3D1BBC0BA8009B57AB /* PassbookCollectionViewLayoutTests.xctest */ = {isa = PBXFileReference; explicitFileType = wrapper.cfbundle; includeInIndex = 0; path = PassbookCollectionViewLayoutTests.xctest; sourceTree = BUILT_PRODUCTS_DIR; };
		83F54A421BBC0BA8009B57AB /* PassbookCollectionViewLayoutTests.swift */ = {isa = PBXFileReference; lastKnownFileType = sourcecode.swift; path = PassbookCollectionViewLayoutTests.swift; sourceTree = "<group>"; };
		83F54A441BBC0BA8009B57AB /* Info.plist */ = {isa = PBXFileReference; lastKnownFileType = text.plist.xml; path = Info.plist; sourceTree = "<group>"; };
		83F54A4F1BBC0D33009B57AB /* PassbookCollectionViewLayout.swift */ = {isa = PBXFileReference; fileEncoding = 4; lastKnownFileType = sourcecode.swift; path = PassbookCollectionViewLayout.swift; sourceTree = SOURCE_ROOT; };
		83F54A551BBC0DD8009B57AB /* Example.app */ = {isa = PBXFileReference; explicitFileType = wrapper.application; includeInIndex = 0; path = Example.app; sourceTree = BUILT_PRODUCTS_DIR; };
		83F54A571BBC0DD8009B57AB /* AppDelegate.swift */ = {isa = PBXFileReference; lastKnownFileType = sourcecode.swift; path = AppDelegate.swift; sourceTree = "<group>"; };
		83F54A591BBC0DD8009B57AB /* ViewController.swift */ = {isa = PBXFileReference; lastKnownFileType = sourcecode.swift; path = ViewController.swift; sourceTree = "<group>"; };
		83F54A5C1BBC0DD8009B57AB /* Base */ = {isa = PBXFileReference; lastKnownFileType = file.storyboard; name = Base; path = Base.lproj/Main.storyboard; sourceTree = "<group>"; };
		83F54A5E1BBC0DD8009B57AB /* Assets.xcassets */ = {isa = PBXFileReference; lastKnownFileType = folder.assetcatalog; path = Assets.xcassets; sourceTree = "<group>"; };
		83F54A611BBC0DD8009B57AB /* Base */ = {isa = PBXFileReference; lastKnownFileType = file.storyboard; name = Base; path = Base.lproj/LaunchScreen.storyboard; sourceTree = "<group>"; };
		83F54A631BBC0DD8009B57AB /* Info.plist */ = {isa = PBXFileReference; lastKnownFileType = text.plist.xml; path = Info.plist; sourceTree = "<group>"; };
		83F54A881BBC0EAD009B57AB /* Cell.swift */ = {isa = PBXFileReference; fileEncoding = 4; lastKnownFileType = sourcecode.swift; path = Cell.swift; sourceTree = "<group>"; };
/* End PBXFileReference section */

/* Begin PBXFrameworksBuildPhase section */
		83F54A2F1BBC0BA8009B57AB /* Frameworks */ = {
			isa = PBXFrameworksBuildPhase;
			buildActionMask = 2147483647;
			files = (
			);
			runOnlyForDeploymentPostprocessing = 0;
		};
		83F54A3A1BBC0BA8009B57AB /* Frameworks */ = {
			isa = PBXFrameworksBuildPhase;
			buildActionMask = 2147483647;
			files = (
				83F54A3E1BBC0BA8009B57AB /* PassbookCollectionViewLayout.framework in Frameworks */,
			);
			runOnlyForDeploymentPostprocessing = 0;
		};
		83F54A521BBC0DD8009B57AB /* Frameworks */ = {
			isa = PBXFrameworksBuildPhase;
			buildActionMask = 2147483647;
			files = (
				83F54A831BBC0DEB009B57AB /* PassbookCollectionViewLayout.framework in Frameworks */,
			);
			runOnlyForDeploymentPostprocessing = 0;
		};
/* End PBXFrameworksBuildPhase section */

/* Begin PBXGroup section */
		83F54A291BBC0BA8009B57AB = {
			isa = PBXGroup;
			children = (
				83F54A351BBC0BA8009B57AB /* PassbookCollectionViewLayout */,
				83F54A411BBC0BA8009B57AB /* PassbookCollectionViewLayoutTests */,
				83F54A561BBC0DD8009B57AB /* Example */,
				83F54A341BBC0BA8009B57AB /* Products */,
			);
			sourceTree = "<group>";
		};
		83F54A341BBC0BA8009B57AB /* Products */ = {
			isa = PBXGroup;
			children = (
				83F54A331BBC0BA8009B57AB /* PassbookCollectionViewLayout.framework */,
				83F54A3D1BBC0BA8009B57AB /* PassbookCollectionViewLayoutTests.xctest */,
				83F54A551BBC0DD8009B57AB /* Example.app */,
			);
			name = Products;
			sourceTree = "<group>";
		};
		83F54A351BBC0BA8009B57AB /* PassbookCollectionViewLayout */ = {
			isa = PBXGroup;
			children = (
				83F54A381BBC0BA8009B57AB /* Info.plist */,
				83F54A361BBC0BA8009B57AB /* PassbookCollectionViewLayout.h */,
				83F54A4F1BBC0D33009B57AB /* PassbookCollectionViewLayout.swift */,
			);
			path = PassbookCollectionViewLayout;
			sourceTree = "<group>";
		};
		83F54A411BBC0BA8009B57AB /* PassbookCollectionViewLayoutTests */ = {
			isa = PBXGroup;
			children = (
				83F54A441BBC0BA8009B57AB /* Info.plist */,
				83F54A421BBC0BA8009B57AB /* PassbookCollectionViewLayoutTests.swift */,
			);
			path = PassbookCollectionViewLayoutTests;
			sourceTree = "<group>";
		};
		83F54A561BBC0DD8009B57AB /* Example */ = {
			isa = PBXGroup;
			children = (
				83F54A571BBC0DD8009B57AB /* AppDelegate.swift */,
				83F54A5E1BBC0DD8009B57AB /* Assets.xcassets */,
				83F54A881BBC0EAD009B57AB /* Cell.swift */,
				83F54A631BBC0DD8009B57AB /* Info.plist */,
				83F54A601BBC0DD8009B57AB /* LaunchScreen.storyboard */,
				83F54A5B1BBC0DD8009B57AB /* Main.storyboard */,
				83F54A591BBC0DD8009B57AB /* ViewController.swift */,
			);
			path = Example;
			sourceTree = "<group>";
		};
/* End PBXGroup section */

/* Begin PBXHeadersBuildPhase section */
		83F54A301BBC0BA8009B57AB /* Headers */ = {
			isa = PBXHeadersBuildPhase;
			buildActionMask = 2147483647;
			files = (
				83F54A371BBC0BA8009B57AB /* PassbookCollectionViewLayout.h in Headers */,
			);
			runOnlyForDeploymentPostprocessing = 0;
		};
/* End PBXHeadersBuildPhase section */

/* Begin PBXNativeTarget section */
		83F54A321BBC0BA8009B57AB /* PassbookCollectionViewLayout */ = {
			isa = PBXNativeTarget;
			buildConfigurationList = 83F54A471BBC0BA8009B57AB /* Build configuration list for PBXNativeTarget "PassbookCollectionViewLayout" */;
			buildPhases = (
				83F54A2E1BBC0BA8009B57AB /* Sources */,
				83F54A2F1BBC0BA8009B57AB /* Frameworks */,
				83F54A301BBC0BA8009B57AB /* Headers */,
				83F54A311BBC0BA8009B57AB /* Resources */,
			);
			buildRules = (
			);
			dependencies = (
			);
			name = PassbookCollectionViewLayout;
			productName = PassbookCollectionViewLayout;
			productReference = 83F54A331BBC0BA8009B57AB /* PassbookCollectionViewLayout.framework */;
			productType = "com.apple.product-type.framework";
		};
		83F54A3C1BBC0BA8009B57AB /* PassbookCollectionViewLayoutTests */ = {
			isa = PBXNativeTarget;
			buildConfigurationList = 83F54A4A1BBC0BA8009B57AB /* Build configuration list for PBXNativeTarget "PassbookCollectionViewLayoutTests" */;
			buildPhases = (
				83F54A391BBC0BA8009B57AB /* Sources */,
				83F54A3A1BBC0BA8009B57AB /* Frameworks */,
				83F54A3B1BBC0BA8009B57AB /* Resources */,
			);
			buildRules = (
			);
			dependencies = (
				83F54A401BBC0BA8009B57AB /* PBXTargetDependency */,
			);
			name = PassbookCollectionViewLayoutTests;
			productName = PassbookCollectionViewLayoutTests;
			productReference = 83F54A3D1BBC0BA8009B57AB /* PassbookCollectionViewLayoutTests.xctest */;
			productType = "com.apple.product-type.bundle.unit-test";
		};
		83F54A541BBC0DD8009B57AB /* Example */ = {
			isa = PBXNativeTarget;
			buildConfigurationList = 83F54A7A1BBC0DD8009B57AB /* Build configuration list for PBXNativeTarget "Example" */;
			buildPhases = (
				83F54A511BBC0DD8009B57AB /* Sources */,
				83F54A521BBC0DD8009B57AB /* Frameworks */,
				83F54A531BBC0DD8009B57AB /* Resources */,
				83F54A871BBC0DEB009B57AB /* Embed Frameworks */,
			);
			buildRules = (
			);
			dependencies = (
				83F54A861BBC0DEB009B57AB /* PBXTargetDependency */,
			);
			name = Example;
			productName = Example;
			productReference = 83F54A551BBC0DD8009B57AB /* Example.app */;
			productType = "com.apple.product-type.application";
		};
/* End PBXNativeTarget section */

/* Begin PBXProject section */
		83F54A2A1BBC0BA8009B57AB /* Project object */ = {
			isa = PBXProject;
			attributes = {
				LastSwiftUpdateCheck = 0700;
				LastUpgradeCheck = 0700;
				ORGANIZATIONNAME = "Pandamonia LLC";
				TargetAttributes = {
					83F54A321BBC0BA8009B57AB = {
						CreatedOnToolsVersion = 7.0.1;
					};
					83F54A3C1BBC0BA8009B57AB = {
						CreatedOnToolsVersion = 7.0.1;
					};
					83F54A541BBC0DD8009B57AB = {
						CreatedOnToolsVersion = 7.0.1;
					};
				};
			};
			buildConfigurationList = 83F54A2D1BBC0BA8009B57AB /* Build configuration list for PBXProject "PassbookCollectionViewLayout" */;
			compatibilityVersion = "Xcode 3.2";
			developmentRegion = English;
			hasScannedForEncodings = 0;
			knownRegions = (
				en,
				Base,
			);
			mainGroup = 83F54A291BBC0BA8009B57AB;
			productRefGroup = 83F54A341BBC0BA8009B57AB /* Products */;
			projectDirPath = "";
			projectRoot = "";
			targets = (
				83F54A321BBC0BA8009B57AB /* PassbookCollectionViewLayout */,
				83F54A3C1BBC0BA8009B57AB /* PassbookCollectionViewLayoutTests */,
				83F54A541BBC0DD8009B57AB /* Example */,
			);
		};
/* End PBXProject section */

/* Begin PBXResourcesBuildPhase section */
		83F54A311BBC0BA8009B57AB /* Resources */ = {
			isa = PBXResourcesBuildPhase;
			buildActionMask = 2147483647;
			files = (
			);
			runOnlyForDeploymentPostprocessing = 0;
		};
		83F54A3B1BBC0BA8009B57AB /* Resources */ = {
			isa = PBXResourcesBuildPhase;
			buildActionMask = 2147483647;
			files = (
			);
			runOnlyForDeploymentPostprocessing = 0;
		};
		83F54A531BBC0DD8009B57AB /* Resources */ = {
			isa = PBXResourcesBuildPhase;
			buildActionMask = 2147483647;
			files = (
				83F54A621BBC0DD8009B57AB /* LaunchScreen.storyboard in Resources */,
				83F54A5F1BBC0DD8009B57AB /* Assets.xcassets in Resources */,
				83F54A5D1BBC0DD8009B57AB /* Main.storyboard in Resources */,
			);
			runOnlyForDeploymentPostprocessing = 0;
		};
/* End PBXResourcesBuildPhase section */

/* Begin PBXSourcesBuildPhase section */
		83F54A2E1BBC0BA8009B57AB /* Sources */ = {
			isa = PBXSourcesBuildPhase;
			buildActionMask = 2147483647;
			files = (
				83F54A501BBC0D33009B57AB /* PassbookCollectionViewLayout.swift in Sources */,
			);
			runOnlyForDeploymentPostprocessing = 0;
		};
		83F54A391BBC0BA8009B57AB /* Sources */ = {
			isa = PBXSourcesBuildPhase;
			buildActionMask = 2147483647;
			files = (
				83F54A431BBC0BA8009B57AB /* PassbookCollectionViewLayoutTests.swift in Sources */,
			);
			runOnlyForDeploymentPostprocessing = 0;
		};
		83F54A511BBC0DD8009B57AB /* Sources */ = {
			isa = PBXSourcesBuildPhase;
			buildActionMask = 2147483647;
			files = (
				83F54A5A1BBC0DD8009B57AB /* ViewController.swift in Sources */,
				83F54A581BBC0DD8009B57AB /* AppDelegate.swift in Sources */,
				83F54A891BBC0EAD009B57AB /* Cell.swift in Sources */,
			);
			runOnlyForDeploymentPostprocessing = 0;
		};
/* End PBXSourcesBuildPhase section */

/* Begin PBXTargetDependency section */
		83F54A401BBC0BA8009B57AB /* PBXTargetDependency */ = {
			isa = PBXTargetDependency;
			target = 83F54A321BBC0BA8009B57AB /* PassbookCollectionViewLayout */;
			targetProxy = 83F54A3F1BBC0BA8009B57AB /* PBXContainerItemProxy */;
		};
		83F54A861BBC0DEB009B57AB /* PBXTargetDependency */ = {
			isa = PBXTargetDependency;
			target = 83F54A321BBC0BA8009B57AB /* PassbookCollectionViewLayout */;
			targetProxy = 83F54A851BBC0DEB009B57AB /* PBXContainerItemProxy */;
		};
/* End PBXTargetDependency section */

/* Begin PBXVariantGroup section */
		83F54A5B1BBC0DD8009B57AB /* Main.storyboard */ = {
			isa = PBXVariantGroup;
			children = (
				83F54A5C1BBC0DD8009B57AB /* Base */,
			);
			name = Main.storyboard;
			sourceTree = "<group>";
		};
		83F54A601BBC0DD8009B57AB /* LaunchScreen.storyboard */ = {
			isa = PBXVariantGroup;
			children = (
				83F54A611BBC0DD8009B57AB /* Base */,
			);
			name = LaunchScreen.storyboard;
			sourceTree = "<group>";
		};
/* End PBXVariantGroup section */

/* Begin XCBuildConfiguration section */
		83F54A451BBC0BA8009B57AB /* Debug */ = {
			isa = XCBuildConfiguration;
			buildSettings = {
				ALWAYS_SEARCH_USER_PATHS = NO;
				CLANG_CXX_LANGUAGE_STANDARD = "gnu++0x";
				CLANG_CXX_LIBRARY = "libc++";
				CLANG_ENABLE_MODULES = YES;
				CLANG_ENABLE_OBJC_ARC = YES;
				CLANG_WARN_BOOL_CONVERSION = YES;
				CLANG_WARN_CONSTANT_CONVERSION = YES;
				CLANG_WARN_DIRECT_OBJC_ISA_USAGE = YES_ERROR;
				CLANG_WARN_EMPTY_BODY = YES;
				CLANG_WARN_ENUM_CONVERSION = YES;
				CLANG_WARN_INT_CONVERSION = YES;
				CLANG_WARN_OBJC_ROOT_CLASS = YES_ERROR;
				CLANG_WARN_UNREACHABLE_CODE = YES;
				CLANG_WARN__DUPLICATE_METHOD_MATCH = YES;
				"CODE_SIGN_IDENTITY[sdk=iphoneos*]" = "iPhone Developer";
				COPY_PHASE_STRIP = NO;
				CURRENT_PROJECT_VERSION = 1;
				DEBUG_INFORMATION_FORMAT = dwarf;
				ENABLE_STRICT_OBJC_MSGSEND = YES;
				ENABLE_TESTABILITY = YES;
				GCC_C_LANGUAGE_STANDARD = gnu99;
				GCC_DYNAMIC_NO_PIC = NO;
				GCC_NO_COMMON_BLOCKS = YES;
				GCC_OPTIMIZATION_LEVEL = 0;
				GCC_PREPROCESSOR_DEFINITIONS = (
					"DEBUG=1",
					"$(inherited)",
				);
				GCC_WARN_64_TO_32_BIT_CONVERSION = YES;
				GCC_WARN_ABOUT_RETURN_TYPE = YES_ERROR;
				GCC_WARN_UNDECLARED_SELECTOR = YES;
				GCC_WARN_UNINITIALIZED_AUTOS = YES_AGGRESSIVE;
				GCC_WARN_UNUSED_FUNCTION = YES;
				GCC_WARN_UNUSED_VARIABLE = YES;
				IPHONEOS_DEPLOYMENT_TARGET = 9.0;
				MTL_ENABLE_DEBUG_INFO = YES;
				ONLY_ACTIVE_ARCH = YES;
				SDKROOT = iphoneos;
				SWIFT_OPTIMIZATION_LEVEL = "-Onone";
				TARGETED_DEVICE_FAMILY = "1,2";
				VERSIONING_SYSTEM = "apple-generic";
				VERSION_INFO_PREFIX = "";
			};
			name = Debug;
		};
		83F54A461BBC0BA8009B57AB /* Release */ = {
			isa = XCBuildConfiguration;
			buildSettings = {
				ALWAYS_SEARCH_USER_PATHS = NO;
				CLANG_CXX_LANGUAGE_STANDARD = "gnu++0x";
				CLANG_CXX_LIBRARY = "libc++";
				CLANG_ENABLE_MODULES = YES;
				CLANG_ENABLE_OBJC_ARC = YES;
				CLANG_WARN_BOOL_CONVERSION = YES;
				CLANG_WARN_CONSTANT_CONVERSION = YES;
				CLANG_WARN_DIRECT_OBJC_ISA_USAGE = YES_ERROR;
				CLANG_WARN_EMPTY_BODY = YES;
				CLANG_WARN_ENUM_CONVERSION = YES;
				CLANG_WARN_INT_CONVERSION = YES;
				CLANG_WARN_OBJC_ROOT_CLASS = YES_ERROR;
				CLANG_WARN_UNREACHABLE_CODE = YES;
				CLANG_WARN__DUPLICATE_METHOD_MATCH = YES;
				"CODE_SIGN_IDENTITY[sdk=iphoneos*]" = "iPhone Developer";
				COPY_PHASE_STRIP = NO;
				CURRENT_PROJECT_VERSION = 1;
				DEBUG_INFORMATION_FORMAT = "dwarf-with-dsym";
				ENABLE_NS_ASSERTIONS = NO;
				ENABLE_STRICT_OBJC_MSGSEND = YES;
				GCC_C_LANGUAGE_STANDARD = gnu99;
				GCC_NO_COMMON_BLOCKS = YES;
				GCC_WARN_64_TO_32_BIT_CONVERSION = YES;
				GCC_WARN_ABOUT_RETURN_TYPE = YES_ERROR;
				GCC_WARN_UNDECLARED_SELECTOR = YES;
				GCC_WARN_UNINITIALIZED_AUTOS = YES_AGGRESSIVE;
				GCC_WARN_UNUSED_FUNCTION = YES;
				GCC_WARN_UNUSED_VARIABLE = YES;
				IPHONEOS_DEPLOYMENT_TARGET = 9.0;
				MTL_ENABLE_DEBUG_INFO = NO;
				SDKROOT = iphoneos;
				TARGETED_DEVICE_FAMILY = "1,2";
				VALIDATE_PRODUCT = YES;
				VERSIONING_SYSTEM = "apple-generic";
				VERSION_INFO_PREFIX = "";
			};
			name = Release;
		};
		83F54A481BBC0BA8009B57AB /* Debug */ = {
			isa = XCBuildConfiguration;
			buildSettings = {
				CLANG_ENABLE_MODULES = YES;
				DEFINES_MODULE = YES;
				DYLIB_COMPATIBILITY_VERSION = 1;
				DYLIB_CURRENT_VERSION = 1;
				DYLIB_INSTALL_NAME_BASE = "@rpath";
				INFOPLIST_FILE = PassbookCollectionViewLayout/Info.plist;
				INSTALL_PATH = "$(LOCAL_LIBRARY_DIR)/Frameworks";
				LD_RUNPATH_SEARCH_PATHS = "$(inherited) @executable_path/Frameworks @loader_path/Frameworks";
				PRODUCT_BUNDLE_IDENTIFIER = us.pandamonia.PassbookCollectionViewLayout;
				PRODUCT_NAME = "$(TARGET_NAME)";
				SKIP_INSTALL = YES;
				SWIFT_OPTIMIZATION_LEVEL = "-Onone";
			};
			name = Debug;
		};
		83F54A491BBC0BA8009B57AB /* Release */ = {
			isa = XCBuildConfiguration;
			buildSettings = {
				CLANG_ENABLE_MODULES = YES;
				DEFINES_MODULE = YES;
				DYLIB_COMPATIBILITY_VERSION = 1;
				DYLIB_CURRENT_VERSION = 1;
				DYLIB_INSTALL_NAME_BASE = "@rpath";
				INFOPLIST_FILE = PassbookCollectionViewLayout/Info.plist;
				INSTALL_PATH = "$(LOCAL_LIBRARY_DIR)/Frameworks";
				LD_RUNPATH_SEARCH_PATHS = "$(inherited) @executable_path/Frameworks @loader_path/Frameworks";
				PRODUCT_BUNDLE_IDENTIFIER = us.pandamonia.PassbookCollectionViewLayout;
				PRODUCT_NAME = "$(TARGET_NAME)";
				SKIP_INSTALL = YES;
			};
			name = Release;
		};
		83F54A4B1BBC0BA8009B57AB /* Debug */ = {
			isa = XCBuildConfiguration;
			buildSettings = {
				INFOPLIST_FILE = PassbookCollectionViewLayoutTests/Info.plist;
				LD_RUNPATH_SEARCH_PATHS = "$(inherited) @executable_path/Frameworks @loader_path/Frameworks";
				PRODUCT_BUNDLE_IDENTIFIER = us.pandamonia.PassbookCollectionViewLayoutTests;
				PRODUCT_NAME = "$(TARGET_NAME)";
			};
			name = Debug;
		};
		83F54A4C1BBC0BA8009B57AB /* Release */ = {
			isa = XCBuildConfiguration;
			buildSettings = {
				INFOPLIST_FILE = PassbookCollectionViewLayoutTests/Info.plist;
				LD_RUNPATH_SEARCH_PATHS = "$(inherited) @executable_path/Frameworks @loader_path/Frameworks";
				PRODUCT_BUNDLE_IDENTIFIER = us.pandamonia.PassbookCollectionViewLayoutTests;
				PRODUCT_NAME = "$(TARGET_NAME)";
			};
			name = Release;
		};
		83F54A7B1BBC0DD8009B57AB /* Debug */ = {
			isa = XCBuildConfiguration;
			buildSettings = {
				ASSETCATALOG_COMPILER_APPICON_NAME = AppIcon;
				EMBEDDED_CONTENT_CONTAINS_SWIFT = YES;
				INFOPLIST_FILE = Example/Info.plist;
				LD_RUNPATH_SEARCH_PATHS = "$(inherited) @executable_path/Frameworks";
				PRODUCT_BUNDLE_IDENTIFIER = us.pandamonia.Example;
				PRODUCT_NAME = "$(TARGET_NAME)";
			};
			name = Debug;
		};
		83F54A7C1BBC0DD8009B57AB /* Release */ = {
			isa = XCBuildConfiguration;
			buildSettings = {
				ASSETCATALOG_COMPILER_APPICON_NAME = AppIcon;
				EMBEDDED_CONTENT_CONTAINS_SWIFT = YES;
				INFOPLIST_FILE = Example/Info.plist;
				LD_RUNPATH_SEARCH_PATHS = "$(inherited) @executable_path/Frameworks";
				PRODUCT_BUNDLE_IDENTIFIER = us.pandamonia.Example;
				PRODUCT_NAME = "$(TARGET_NAME)";
			};
			name = Release;
		};
/* End XCBuildConfiguration section */

/* Begin XCConfigurationList section */
		83F54A2D1BBC0BA8009B57AB /* Build configuration list for PBXProject "PassbookCollectionViewLayout" */ = {
			isa = XCConfigurationList;
			buildConfigurations = (
				83F54A451BBC0BA8009B57AB /* Debug */,
				83F54A461BBC0BA8009B57AB /* Release */,
			);
			defaultConfigurationIsVisible = 0;
			defaultConfigurationName = Release;
		};
		83F54A471BBC0BA8009B57AB /* Build configuration list for PBXNativeTarget "PassbookCollectionViewLayout" */ = {
			isa = XCConfigurationList;
			buildConfigurations = (
				83F54A481BBC0BA8009B57AB /* Debug */,
				83F54A491BBC0BA8009B57AB /* Release */,
			);
			defaultConfigurationIsVisible = 0;
			defaultConfigurationName = Release;
		};
		83F54A4A1BBC0BA8009B57AB /* Build configuration list for PBXNativeTarget "PassbookCollectionViewLayoutTests" */ = {
			isa = XCConfigurationList;
			buildConfigurations = (
				83F54A4B1BBC0BA8009B57AB /* Debug */,
				83F54A4C1BBC0BA8009B57AB /* Release */,
			);
			defaultConfigurationIsVisible = 0;
			defaultConfigurationName = Release;
		};
		83F54A7A1BBC0DD8009B57AB /* Build configuration list for PBXNativeTarget "Example" */ = {
			isa = XCConfigurationList;
			buildConfigurations = (
				83F54A7B1BBC0DD8009B57AB /* Debug */,
				83F54A7C1BBC0DD8009B57AB /* Release */,
			);
			defaultConfigurationIsVisible = 0;
		};
/* End XCConfigurationList section */
	};
	rootObject = 83F54A2A1BBC0BA8009B57AB /* Project object */;
}
